<?xml version="1.0" encoding="utf-8"?>
<Project ToolsVersion="4.0" xmlns="http://schemas.microsoft.com/developer/msbuild/2003">
  <ItemGroup>
    <ClCompile Include="bullet.cpp" />
    <ClCompile Include="entity.cpp" />
    <ClCompile Include="Lab07.cpp" />
    <ClCompile Include="physics.cpp" />
    <ClCompile Include="position.cpp" />
    <ClCompile Include="satellite.cpp" />
    <ClCompile Include="test.cpp" />
    <ClCompile Include="uiDraw.cpp" />
    <ClCompile Include="uiInteract.cpp" />
    <ClCompile Include="velocity.cpp" />
    <ClCompile Include="sputnik.cpp" />
    <ClCompile Include="gps.cpp" />
    <ClCompile Include="simulator.cpp" />
  </ItemGroup>
  <ItemGroup>
    <ClInclude Include="bullet.h" />
    <ClInclude Include="constants.h" />
    <ClInclude Include="crewDragon.h" />
    <ClInclude Include="dreamChaser.h" />
    <ClInclude Include="entity.h" />
    <ClInclude Include="fragment.h" />
    <ClInclude Include="gps.h" />
    <ClInclude Include="hubble.h" />
    <ClInclude Include="physics.h" />
    <ClInclude Include="position.h" />
    <ClInclude Include="satellite.h" />
    <ClInclude Include="simulator.h" />
    <ClInclude Include="sputnik.h" />
    <ClInclude Include="starlink.h" />
    <ClInclude Include="test.h" />
    <ClInclude Include="testBullet.h" />
    <ClInclude Include="testCrewDragon.h" />
    <ClInclude Include="testDreamChaser.h" />
    <ClInclude Include="testEntity.h" />
    <ClInclude Include="testGPS.h" />
    <ClInclude Include="testHubble.h" />
    <ClInclude Include="testPhysics.h" />
    <ClInclude Include="testPosition.h" />
    <ClInclude Include="testSatellite.h" />
    <ClInclude Include="testSputnik.h" />
    <ClInclude Include="testStarlink.h" />
    <ClInclude Include="testVelocity.h" />
    <ClInclude Include="uiDraw.h" />
    <ClInclude Include="uiInteract.h" />
    <ClInclude Include="unitTest.h" />
    <ClInclude Include="velocity.h" />
  </ItemGroup>
  <ItemGroup>
    <None Include="packages.config" />
  </ItemGroup>
</Project>